{
    "_meta": {
        "hash": {
            "sha256": "0457ece677481646c3ad78667b2ec58656e4422c0ad0950e8617d1d60f0f9abc"
        },
        "pipfile-spec": 6,
        "requires": {
            "python_version": "3.7"
        },
        "sources": [
            {
                "name": "pypi",
                "url": "https://pypi.org/simple",
                "verify_ssl": true
            }
        ]
    },
    "default": {
        "aiohttp": {
            "hashes": [
                "sha256:00d198585474299c9c3b4f1d5de1a576cc230d562abc5e4a0e81d71a20a6ca55",
                "sha256:0155af66de8c21b8dba4992aaeeabf55503caefae00067a3b1139f86d0ec50ed",
                "sha256:09654a9eca62d1bd6d64aa44db2498f60a5c1e0ac4750953fdd79d5c88955e10",
                "sha256:199f1d106e2b44b6dacdf6f9245493c7d716b01d0b7fbe1959318ba4dc64d1f5",
                "sha256:296f30dedc9f4b9e7a301e5cc963012264112d78a1d3094cd83ef148fdf33ca1",
                "sha256:368ed312550bd663ce84dc4b032a962fcb3c7cae099dbbd48663afc305e3b939",
                "sha256:40d7ea570b88db017c51392349cf99b7aefaaddd19d2c78368aeb0bddde9d390",
                "sha256:629102a193162e37102c50713e2e31dc9a2fe7ac5e481da83e5bb3c0cee700aa",
                "sha256:6d5ec9b8948c3d957e75ea14d41e9330e1ac3fed24ec53766c780f82805140dc",
                "sha256:87331d1d6810214085a50749160196391a712a13336cd02ce1c3ea3d05bcf8d5",
                "sha256:9a02a04bbe581c8605ac423ba3a74999ec9d8bce7ae37977a3d38680f5780b6d",
                "sha256:9c4c83f4fa1938377da32bc2d59379025ceeee8e24b89f72fcbccd8ca22dc9bf",
                "sha256:9cddaff94c0135ee627213ac6ca6d05724bfe6e7a356e5e09ec57bd3249510f6",
                "sha256:a25237abf327530d9561ef751eef9511ab56fd9431023ca6f4803f1994104d72",
                "sha256:a5cbd7157b0e383738b8e29d6e556fde8726823dae0e348952a61742b21aeb12",
                "sha256:a97a516e02b726e089cffcde2eea0d3258450389bbac48cbe89e0f0b6e7b0366",
                "sha256:acc89b29b5f4e2332d65cd1b7d10c609a75b88ef8925d487a611ca788432dfa4",
                "sha256:b05bd85cc99b06740aad3629c2585bda7b83bd86e080b44ba47faf905fdf1300",
                "sha256:c2bec436a2b5dafe5eaeb297c03711074d46b6eb236d002c13c42f25c4a8ce9d",
                "sha256:cc619d974c8c11fe84527e4b5e1c07238799a8c29ea1c1285149170524ba9303",
                "sha256:d4392defd4648badaa42b3e101080ae3313e8f4787cb517efd3f5b8157eaefd6",
                "sha256:e1c3c582ee11af7f63a34a46f0448fca58e59889396ffdae1f482085061a2889"
            ],
            "version": "==3.5.4"
        },
        "async-timeout": {
            "hashes": [
                "sha256:0c3c816a028d47f659d6ff5c745cb2acf1f966da1fe5c19c77a70282b25f4c5f",
                "sha256:4291ca197d287d274d0b6cb5d6f8f8f82d434ed288f962539ff18cc9012f9ea3"
            ],
            "version": "==3.0.1"
        },
        "attrs": {
            "hashes": [
                "sha256:08a96c641c3a74e44eb59afb61a24f2cb9f4d7188748e76ba4bb5edfa3cb7d1c",
                "sha256:f7b7ce16570fe9965acd6d30101a28f62fb4a7f9e926b3bbc9b61f8b04247e72"
            ],
            "version": "==19.3.0"
        },
        "azure-core": {
            "hashes": [
                "sha256:2d1aade2795ea0ac2a903af940c3e0dfe75d25351ec4fc44edf747e97d703dfb",
                "sha256:a66da240a287f447f9867f54ba09ea235895cec13ea38c5f490ce4eedefdd75c"
            ],
            "version": "==1.7.0"
        },
        "azure-cosmos": {
            "hashes": [
                "sha256:209fed33e7aa6e6218701d9671ceae07123646990ac81535fb00bb5e1eda909d",
                "sha256:cd50bebb22fa50f324720c2250f5cce1f4b8b5f6bcc2878ac4d1c53300b16e91"
            ],
            "index": "pypi",
            "version": "==4.0.0b6"
        },
        "certifi": {
            "hashes": [
                "sha256:5930595817496dd21bb8dc35dad090f1c2cd0adfaf21204bf6732ca5d8ee34d3",
                "sha256:8fc0819f1f30ba15bdb34cceffb9ef04d99f420f68eb75d901e9560b8749fc41"
            ],
            "version": "==2020.6.20"
        },
        "chardet": {
            "hashes": [
                "sha256:84ab92ed1c4d4f16916e05906b6b75a6c0fb5db821cc65e70cbd64a3e2a5eaae",
                "sha256:fc323ffcaeaed0e0a02bf4d117757b98aed530d9ed4531e3e15460124c106691"
            ],
            "version": "==3.0.4"
        },
        "click": {
            "hashes": [
                "sha256:d2b5255c7c6349bc1bd1e59e08cd12acbbd63ce649f2588755783aa94dfb6b1a",
                "sha256:dacca89f4bfadd5de3d7489b7c8a566eee0d3676333fbb50030263894c38c0dc"
            ],
            "version": "==7.1.2"
        },
        "darksky-weather": {
            "hashes": [
                "sha256:7addceb37050da332ebc2623e6d14124d78633d4ca4d48f7625fd0dee595ca37"
            ],
            "index": "pypi",
            "version": "==1.9.0"
        },
        "fastapi": {
            "hashes": [
                "sha256:1ee9a49f28d510b62b3b51a9452b274853bfc9c5d4b947ed054366e2d49f9efa",
                "sha256:72f40f47e5235cb5cbbad1d4f97932ede6059290c07e12e9784028dcd1063d28"
            ],
            "index": "pypi",
            "version": "==0.54.1"
        },
        "geographiclib": {
            "hashes": [
                "sha256:12bd46ee7ec25b291ea139b17aa991e7ef373e21abd053949b75c0e9ca55c632",
                "sha256:51cfa698e7183792bce27d8fb63ac8e83689cd8170a730bf35e1a5c5bf8849b9"
            ],
            "version": "==1.50"
        },
        "geopy": {
            "hashes": [
                "sha256:5de6fed0ee982e43a8e4243410477567cfccac22f8530edffc422761adf4e612",
                "sha256:dc02b43ca5202696907b6b4f72431c8df455c812889dbb4e1240a672857f3adc"
            ],
            "index": "pypi",
            "version": "==1.21.0"
        },
        "h11": {
            "hashes": [
                "sha256:33d4bca7be0fa039f4e84d50ab00531047e53d6ee8ffbc83501ea602c169cae1",
                "sha256:4bc6d6a1238b7615b266ada57e0618568066f57dd6fa967d1290ec9309b2f2f1"
            ],
            "version": "==0.9.0"
        },
        "httptools": {
            "hashes": [
                "sha256:0a4b1b2012b28e68306575ad14ad5e9120b34fccd02a81eb08838d7e3bbb48be",
                "sha256:3592e854424ec94bd17dc3e0c96a64e459ec4147e6d53c0a42d0ebcef9cb9c5d",
                "sha256:41b573cf33f64a8f8f3400d0a7faf48e1888582b6f6e02b82b9bd4f0bf7497ce",
                "sha256:56b6393c6ac7abe632f2294da53f30d279130a92e8ae39d8d14ee2e1b05ad1f2",
                "sha256:86c6acd66765a934e8730bf0e9dfaac6fdcf2a4334212bd4a0a1c78f16475ca6",
                "sha256:96da81e1992be8ac2fd5597bf0283d832287e20cb3cfde8996d2b00356d4e17f",
                "sha256:96eb359252aeed57ea5c7b3d79839aaa0382c9d3149f7d24dd7172b1bcecb009",
                "sha256:a2719e1d7a84bb131c4f1e0cb79705034b48de6ae486eb5297a139d6a3296dce",
                "sha256:ac0aa11e99454b6a66989aa2d44bca41d4e0f968e395a0a8f164b401fefe359a",
                "sha256:bc3114b9edbca5a1eb7ae7db698c669eb53eb8afbbebdde116c174925260849c",
                "sha256:fa3cd71e31436911a44620473e873a256851e1f53dee56669dae403ba41756a4",
                "sha256:fea04e126014169384dee76a153d4573d90d0cbd1d12185da089f73c78390437"
            ],
            "markers": "sys_platform != 'win32' and sys_platform != 'cygwin' and platform_python_implementation != 'PyPy'",
            "version": "==0.1.1"
        },
        "idna": {
            "hashes": [
                "sha256:c357b3f628cf53ae2c4c05627ecc484553142ca23264e593d327bcde5e9c3407",
                "sha256:ea8b7f6188e6fa117537c3df7da9fc686d485087abf6ac197f9c46432f7e4a3c"
            ],
            "version": "==2.8"
        },
        "joblib": {
            "hashes": [
                "sha256:8f52bf24c64b608bf0b2563e0e47d6fcf516abc8cfafe10cfd98ad66d94f92d6",
                "sha256:d348c5d4ae31496b2aa060d6d9b787864dd204f9480baaa52d18850cb43e9f49"
            ],
            "version": "==0.16.0"
        },
        "multidict": {
            "hashes": [
                "sha256:1ece5a3369835c20ed57adadc663400b5525904e53bae59ec854a5d36b39b21a",
                "sha256:275ca32383bc5d1894b6975bb4ca6a7ff16ab76fa622967625baeebcf8079000",
                "sha256:3750f2205b800aac4bb03b5ae48025a64e474d2c6cc79547988ba1d4122a09e2",
                "sha256:4538273208e7294b2659b1602490f4ed3ab1c8cf9dbdd817e0e9db8e64be2507",
                "sha256:5141c13374e6b25fe6bf092052ab55c0c03d21bd66c94a0e3ae371d3e4d865a5",
                "sha256:51a4d210404ac61d32dada00a50ea7ba412e6ea945bbe992e4d7a595276d2ec7",
                "sha256:5cf311a0f5ef80fe73e4f4c0f0998ec08f954a6ec72b746f3c179e37de1d210d",
                "sha256:6513728873f4326999429a8b00fc7ceddb2509b01d5fd3f3be7881a257b8d463",
                "sha256:7388d2ef3c55a8ba80da62ecfafa06a1c097c18032a501ffd4cabbc52d7f2b19",
                "sha256:9456e90649005ad40558f4cf51dbb842e32807df75146c6d940b6f5abb4a78f3",
                "sha256:c026fe9a05130e44157b98fea3ab12969e5b60691a276150db9eda71710cd10b",
                "sha256:d14842362ed4cf63751648e7672f7174c9818459d169231d03c56e84daf90b7c",
                "sha256:e0d072ae0f2a179c375f67e3da300b47e1a83293c554450b29c900e50afaae87",
                "sha256:f07acae137b71af3bb548bd8da720956a3bc9f9a0b87733e0899226a2317aeb7",
                "sha256:fbb77a75e529021e7c4a8d4e823d88ef4d23674a202be4f5addffc72cbb91430",
                "sha256:fcfbb44c59af3f8ea984de67ec7c306f618a3ec771c2843804069917a8f2e255",
                "sha256:feed85993dbdb1dbc29102f50bca65bdc68f2c0c8d352468c25b54874f23c39d"
            ],
            "version": "==4.7.6"
        },
        "nltk": {
            "hashes": [
                "sha256:845365449cd8c5f9731f7cb9f8bd6fd0767553b9d53af9eb1b3abf7700936b35"
            ],
            "index": "pypi",
            "version": "==3.5"
        },
        "numpy": {
            "hashes": [
                "sha256:082f8d4dd69b6b688f64f509b91d482362124986d98dc7dc5f5e9f9b9c3bb983",
                "sha256:1bc0145999e8cb8aed9d4e65dd8b139adf1919e521177f198529687dbf613065",
                "sha256:309cbcfaa103fc9a33ec16d2d62569d541b79f828c382556ff072442226d1968",
                "sha256:3673c8b2b29077f1b7b3a848794f8e11f401ba0b71c49fbd26fb40b71788b132",
                "sha256:480fdd4dbda4dd6b638d3863da3be82873bba6d32d1fc12ea1b8486ac7b8d129",
                "sha256:56ef7f56470c24bb67fb43dae442e946a6ce172f97c69f8d067ff8550cf782ff",
                "sha256:5a936fd51049541d86ccdeef2833cc89a18e4d3808fe58a8abeb802665c5af93",
                "sha256:5b6885c12784a27e957294b60f97e8b5b4174c7504665333c5e94fbf41ae5d6a",
                "sha256:667c07063940e934287993366ad5f56766bc009017b4a0fe91dbd07960d0aba7",
                "sha256:7ed448ff4eaffeb01094959b19cbaf998ecdee9ef9932381420d514e446601cd",
                "sha256:8343bf67c72e09cfabfab55ad4a43ce3f6bf6e6ced7acf70f45ded9ebb425055",
                "sha256:92feb989b47f83ebef246adabc7ff3b9a59ac30601c3f6819f8913458610bdcc",
                "sha256:935c27ae2760c21cd7354402546f6be21d3d0c806fffe967f745d5f2de5005a7",
                "sha256:aaf42a04b472d12515debc621c31cf16c215e332242e7a9f56403d814c744624",
                "sha256:b12e639378c741add21fbffd16ba5ad25c0a1a17cf2b6fe4288feeb65144f35b",
                "sha256:b1cca51512299841bf69add3b75361779962f9cee7d9ee3bb446d5982e925b69",
                "sha256:b8456987b637232602ceb4d663cb34106f7eb780e247d51a260b84760fd8f491",
                "sha256:b9792b0ac0130b277536ab8944e7b754c69560dac0415dd4b2dbd16b902c8954",
                "sha256:c9591886fc9cbe5532d5df85cb8e0cc3b44ba8ce4367bd4cf1b93dc19713da72",
                "sha256:cf1347450c0b7644ea142712619533553f02ef23f92f781312f6a3553d031fc7",
                "sha256:de8b4a9b56255797cbddb93281ed92acbc510fb7b15df3f01bd28f46ebc4edae",
                "sha256:e1b1dc0372f530f26a03578ac75d5e51b3868b9b76cd2facba4c9ee0eb252ab1",
                "sha256:e45f8e981a0ab47103181773cc0a54e650b2aef8c7b6cd07405d0fa8d869444a",
                "sha256:e4f6d3c53911a9d103d8ec9518190e52a8b945bab021745af4939cfc7c0d4a9e",
                "sha256:ed8a311493cf5480a2ebc597d1e177231984c818a86875126cfd004241a73c3e",
                "sha256:ef71a1d4fd4858596ae80ad1ec76404ad29701f8ca7cdcebc50300178db14dfc"
            ],
            "version": "==1.19.1"
        },
        "oauthlib": {
            "hashes": [
                "sha256:bee41cc35fcca6e988463cacc3bcb8a96224f470ca547e697b604cc697b2f889",
                "sha256:df884cd6cbe20e32633f1db1072e9356f53638e4361bef4e8b03c9127c9328ea"
            ],
            "version": "==3.1.0"
        },
        "pandas": {
            "hashes": [
                "sha256:07c1b58936b80eafdfe694ce964ac21567b80a48d972879a359b3ebb2ea76835",
                "sha256:0ebe327fb088df4d06145227a4aa0998e4f80a9e6aed4b61c1f303bdfdf7c722",
                "sha256:11c7cb654cd3a0e9c54d81761b5920cdc86b373510d829461d8f2ed6d5905266",
                "sha256:12f492dd840e9db1688126216706aa2d1fcd3f4df68a195f9479272d50054645",
                "sha256:167a1315367cea6ec6a5e11e791d9604f8e03f95b57ad227409de35cf850c9c5",
                "sha256:1a7c56f1df8d5ad8571fa251b864231f26b47b59cbe41aa5c0983d17dbb7a8e4",
                "sha256:1fa4bae1a6784aa550a1c9e168422798104a85bf9c77a1063ea77ee6f8452e3a",
                "sha256:32f42e322fb903d0e189a4c10b75ba70d90958cc4f66a1781ed027f1a1d14586",
                "sha256:387dc7b3c0424327fe3218f81e05fc27832772a5dffbed385013161be58df90b",
                "sha256:6597df07ea361231e60c00692d8a8099b519ed741c04e65821e632bc9ccb924c",
                "sha256:743bba36e99d4440403beb45a6f4f3a667c090c00394c176092b0b910666189b",
                "sha256:858a0d890d957ae62338624e4aeaf1de436dba2c2c0772570a686eaca8b4fc85",
                "sha256:863c3e4b7ae550749a0bb77fa22e601a36df9d2905afef34a6965bed092ba9e5",
                "sha256:a210c91a02ec5ff05617a298ad6f137b9f6f5771bf31f2d6b6367d7f71486639",
                "sha256:ca84a44cf727f211752e91eab2d1c6c1ab0f0540d5636a8382a3af428542826e",
                "sha256:d234bcf669e8b4d6cbcd99e3ce7a8918414520aeb113e2a81aeb02d0a533d7f7"
            ],
            "index": "pypi",
            "version": "==1.0.3"
        },
        "pydantic": {
            "hashes": [
                "sha256:1783c1d927f9e1366e0e0609ae324039b2479a1a282a98ed6a6836c9ed02002c",
                "sha256:2dc946b07cf24bee4737ced0ae77e2ea6bc97489ba5a035b603bd1b40ad81f7e",
                "sha256:2de562a456c4ecdc80cf1a8c3e70c666625f7d02d89a6174ecf63754c734592e",
                "sha256:36dbf6f1be212ab37b5fda07667461a9219c956181aa5570a00edfb0acdfe4a1",
                "sha256:3fa799f3cfff3e5f536cbd389368fc96a44bb30308f258c94ee76b73bd60531d",
                "sha256:40d765fa2d31d5be8e29c1794657ad46f5ee583a565c83cea56630d3ae5878b9",
                "sha256:418b84654b60e44c0cdd5384294b0e4bc1ebf42d6e873819424f3b78b8690614",
                "sha256:4900b8820b687c9a3ed753684337979574df20e6ebe4227381d04b3c3c628f99",
                "sha256:530d7222a2786a97bc59ee0e0ebbe23728f82974b1f1ad9a11cd966143410633",
                "sha256:54122a8ed6b75fe1dd80797f8251ad2063ea348a03b77218d73ea9fe19bd4e73",
                "sha256:6c3f162ba175678218629f446a947e3356415b6b09122dcb364e58c442c645a7",
                "sha256:b49c86aecde15cde33835d5d6360e55f5e0067bb7143a8303bf03b872935c75b",
                "sha256:b5b3489cb303d0f41ad4a7390cf606a5f2c7a94dcba20c051cd1c653694cb14d",
                "sha256:cf3933c98cb5e808b62fae509f74f209730b180b1e3c3954ee3f7949e083a7df",
                "sha256:eb75dc1809875d5738df14b6566ccf9fd9c0bcde4f36b72870f318f16b9f5c20",
                "sha256:f769141ab0abfadf3305d4fcf36660e5cf568a666dd3efab7c3d4782f70946b1",
                "sha256:f8af9b840a9074e08c0e6dc93101de84ba95df89b267bf7151d74c553d66833b"
            ],
            "version": "==1.6.1"
        },
        "pysocks": {
            "hashes": [
                "sha256:08e69f092cc6dbe92a0fdd16eeb9b9ffbc13cadfe5ca4c7bd92ffb078b293299",
                "sha256:2725bd0a9925919b9b51739eea5f9e2bae91e83288108a9ad338b2e3a4435ee5",
                "sha256:3f8804571ebe159c380ac6de37643bb4685970655d3bba243530d6558b799aa0"
            ],
            "version": "==1.7.1"
        },
        "python-dateutil": {
            "hashes": [
                "sha256:73ebfe9dbf22e832286dafa60473e4cd239f8592f699aa5adaf10050e6e1823c",
                "sha256:75bb3f31ea686f1197762692a9ee6a7550b59fc6ca3a1f4b5d7e32fb98e2da2a"
            ],
            "version": "==2.8.1"
        },
        "python-dotenv": {
            "hashes": [
                "sha256:25c0ff1a3e12f4bde8d592cc254ab075cfe734fc5dd989036716fd17ee7e5ec7",
                "sha256:3b9909bc96b0edc6b01586e1eed05e71174ef4e04c71da5786370cebea53ad74"
            ],
            "index": "pypi",
            "version": "==0.13.0"
        },
        "pytz": {
            "hashes": [
                "sha256:303879e36b721603cc54604edcac9d20401bdbe31e1e4fdee5b9f98d5d31dfda",
                "sha256:d747dd3d23d77ef44c6a3526e274af6efeb0a6f1afd5a69ba4d5be4098c8e141"
            ],
            "version": "==2019.1"
        },
        "regex": {
            "hashes": [
                "sha256:0dc64ee3f33cd7899f79a8d788abfbec168410be356ed9bd30bbd3f0a23a7204",
                "sha256:1269fef3167bb52631ad4fa7dd27bf635d5a0790b8e6222065d42e91bede4162",
                "sha256:14a53646369157baa0499513f96091eb70382eb50b2c82393d17d7ec81b7b85f",
                "sha256:3a3af27a8d23143c49a3420efe5b3f8cf1a48c6fc8bc6856b03f638abc1833bb",
                "sha256:46bac5ca10fb748d6c55843a931855e2727a7a22584f302dd9bb1506e69f83f6",
                "sha256:4c037fd14c5f4e308b8370b447b469ca10e69427966527edcab07f52d88388f7",
                "sha256:51178c738d559a2d1071ce0b0f56e57eb315bcf8f7d4cf127674b533e3101f88",
                "sha256:5ea81ea3dbd6767873c611687141ec7b06ed8bab43f68fad5b7be184a920dc99",
                "sha256:6961548bba529cac7c07af2fd4d527c5b91bb8fe18995fed6044ac22b3d14644",
                "sha256:75aaa27aa521a182824d89e5ab0a1d16ca207318a6b65042b046053cfc8ed07a",
                "sha256:7a2dd66d2d4df34fa82c9dc85657c5e019b87932019947faece7983f2089a840",
                "sha256:8a51f2c6d1f884e98846a0a9021ff6861bdb98457879f412fdc2b42d14494067",
                "sha256:9c568495e35599625f7b999774e29e8d6b01a6fb684d77dee1f56d41b11b40cd",
                "sha256:9eddaafb3c48e0900690c1727fba226c4804b8e6127ea409689c3bb492d06de4",
                "sha256:bbb332d45b32df41200380fff14712cb6093b61bd142272a10b16778c418e98e",
                "sha256:bc3d98f621898b4a9bc7fecc00513eec8f40b5b83913d74ccb445f037d58cd89",
                "sha256:c11d6033115dc4887c456565303f540c44197f4fc1a2bfb192224a301534888e",
                "sha256:c50a724d136ec10d920661f1442e4a8b010a4fe5aebd65e0c2241ea41dbe93dc",
                "sha256:d0a5095d52b90ff38592bbdc2644f17c6d495762edf47d876049cfd2968fbccf",
                "sha256:d6cff2276e502b86a25fd10c2a96973fdb45c7a977dca2138d661417f3728341",
                "sha256:e46d13f38cfcbb79bfdb2964b0fe12561fe633caf964a77a5f8d4e45fe5d2ef7"
            ],
            "version": "==2020.7.14"
        },
        "requests": {
            "hashes": [
                "sha256:502a824f31acdacb3a35b6690b5fbf0bc41d63a24a45c4004352b0242707598e",
                "sha256:7bf2a778576d825600030a110f3c0e3e8edc51dfaafe1c146e39a2027784957b"
            ],
            "version": "==2.21.0"
        },
        "requests-oauthlib": {
            "hashes": [
                "sha256:7f71572defaecd16372f9006f33c2ec8c077c3cfa6f5911a9a90202beb513f3d",
                "sha256:b4261601a71fd721a8bd6d7aa1cc1d6a8a93b4a9f5e96626f8e4d91e8beeaa6a"
            ],
            "version": "==1.3.0"
        },
        "scikit-learn": {
            "hashes": [
                "sha256:04799686060ecbf8992f26a35be1d99e981894c8c7860c1365cda4200f954a16",
                "sha256:058d213092de4384710137af1300ed0ff030b8c40459a6c6f73c31ccd274cc39",
                "sha256:0c3464e46ef8bd4f1bfa5c009648c6449412c8f7e9b3fc0c9e3d800139c48827",
                "sha256:0e7b55f73b35537ecd0d19df29dd39aa9e076dba78f3507b8136c819d84611fd",
                "sha256:16feae4361be6b299d4d08df5a30956b4bfc8eadf173fe9258f6d59630f851d4",
                "sha256:244ca85d6eba17a1e6e8a66ab2f584be6a7784b5f59297e3d7ff8c7983af627c",
                "sha256:3e6e92b495eee193a8fa12a230c9b7976ea0fc1263719338e35c986ea1e42cff",
                "sha256:5bcea4d6ee431c814261117281363208408aa4e665633655895feb059021aca6",
                "sha256:93f56abd316d131645559ec0ab4f45e3391c2ccdd4eadaa4912f4c1e0a6f2c96",
                "sha256:9e04c0811ea92931ee8490d638171b8cb2f21387efcfff526bbc8c2a3da60f1c",
                "sha256:bded94236e16774385202cafd26190ce96db18e4dc21e99473848c61e4fdc400",
                "sha256:c2fa33d20408b513cf432505c80e6eb4bf4d71434f1ae36680765d4a2c2a16ec",
                "sha256:e3fec1c8831f8f93ad85581ca29ca1bb88e2da377fb097cf8322aa89c21bc9b8",
                "sha256:e585682e37f2faa81ad6cd4472fff646bf2fd0542147bec93697a905db8e6bd2",
                "sha256:e9879ba9e64ec3add41bf201e06034162f853652ef4849b361d73b0deb3153ad",
                "sha256:ebe853e6f318f9d8b3b74dd17e553720d35646eff675a69eeaed12fbbbb07daa"
            ],
            "version": "==0.23.1"
        },
        "scipy": {
            "hashes": [
                "sha256:066c513d90eb3fd7567a9e150828d39111ebd88d3e924cdfc9f8ce19ab6f90c9",
                "sha256:07e52b316b40a4f001667d1ad4eb5f2318738de34597bd91537851365b6c61f1",
                "sha256:0a0e9a4e58a4734c2eba917f834b25b7e3b6dc333901ce7784fd31aefbd37b2f",
                "sha256:1c7564a4810c1cd77fcdee7fa726d7d39d4e2695ad252d7c86c3ea9d85b7fb8f",
                "sha256:315aa2165aca31375f4e26c230188db192ed901761390be908c9b21d8b07df62",
                "sha256:6e86c873fe1335d88b7a4bfa09d021f27a9e753758fd75f3f92d714aa4093768",
                "sha256:8e28e74b97fc8d6aa0454989db3b5d36fc27e69cef39a7ee5eaf8174ca1123cb",
                "sha256:92eb04041d371fea828858e4fff182453c25ae3eaa8782d9b6c32b25857d23bc",
                "sha256:a0afbb967fd2c98efad5f4c24439a640d39463282040a88e8e928db647d8ac3d",
                "sha256:a785409c0fa51764766840185a34f96a0a93527a0ff0230484d33a8ed085c8f8",
                "sha256:cca9fce15109a36a0a9f9cfc64f870f1c140cb235ddf27fe0328e6afb44dfed0",
                "sha256:d56b10d8ed72ec1be76bf10508446df60954f08a41c2d40778bc29a3a9ad9bce",
                "sha256:dac09281a0eacd59974e24525a3bc90fa39b4e95177e638a31b14db60d3fa806",
                "sha256:ec5fe57e46828d034775b00cd625c4a7b5c7d2e354c3b258d820c6c72212a6ec",
                "sha256:eecf40fa87eeda53e8e11d265ff2254729d04000cd40bae648e76ff268885d66",
                "sha256:fc98f3eac993b9bfdd392e675dfe19850cc8c7246a8fd2b42443e506344be7d9"
            ],
            "version": "==1.5.2"
        },
        "six": {
            "hashes": [
                "sha256:30639c035cdb23534cd4aa2dd52c3bf48f06e5f4a941509c8bafd8ce11080259",
                "sha256:8b74bedcbbbaca38ff6d7491d76f2b06b3592611af620f8426e82dddb04a5ced"
            ],
            "version": "==1.15.0"
        },
        "sklearn": {
            "hashes": [
                "sha256:e23001573aa194b834122d2b9562459bf5ae494a2d59ca6b8aa22c85a44c0e31"
            ],
            "index": "pypi",
            "version": "==0.0"
        },
        "starlette": {
            "hashes": [
                "sha256:6169ee78ded501095d1dda7b141a1dc9f9934d37ad23196e180150ace2c6449b",
                "sha256:a9bb130fa7aa736eda8a814b6ceb85ccf7a209ed53843d0d61e246b380afa10f"
            ],
            "version": "==0.13.2"
        },
        "threadpoolctl": {
            "hashes": [
                "sha256:38b74ca20ff3bb42caca8b00055111d74159ee95c4370882bbff2b93d24da725",
                "sha256:ddc57c96a38beb63db45d6c159b5ab07b6bced12c45a1f07b2b92f272aebfa6b"
            ],
            "version": "==2.1.0"
        },
        "tqdm": {
            "hashes": [
                "sha256:4733c4a10d0f2a4d098d801464bdaf5240c7dadd2a7fde4ee93b0a0efd9fb25e",
                "sha256:acdafb20f51637ca3954150d0405ff1a7edde0ff19e38fb99a80a66210d2a28f"
            ],
            "index": "pypi",
            "version": "==4.46.0"
        },
        "tweepy": {
            "hashes": [
                "sha256:8abd828ba51a85a2b5bb7373715d6d3bb32d18ac624e3a4db02e4ef8ab48316b",
                "sha256:ecc7f200c86127903017e48824efd008734814e95f3e8e9b45ce0f4120dd08db"
            ],
            "index": "pypi",
            "version": "==3.8.0"
        },
        "typing-extensions": {
            "hashes": [
                "sha256:6e95524d8a547a91e08f404ae485bbb71962de46967e1b71a0cb89af24e761c5",
                "sha256:79ee589a3caca649a9bfd2a8de4709837400dfa00b6cc81962a1e6a1815969ae",
                "sha256:f8d2bd89d25bc39dabe7d23df520442fa1d8969b82544370e03d88b5a591c392"
            ],
            "version": "==3.7.4.2"
        },
        "urllib3": {
            "hashes": [
                "sha256:2393a695cd12afedd0dcb26fe5d50d0cf248e5a66f75dbd89a3d4eb333a61af4",
                "sha256:a637e5fae88995b256e3409dc4d52c2e2e0ba32c42a6365fee8bbd2238de3cfb"
            ],
            "version": "==1.24.3"
        },
        "uvicorn": {
            "hashes": [
                "sha256:1d46a22cc55a52f5567e0c66f000ae56f26263e44cef59b7c885bf10f487ce6e",
                "sha256:b50f7f4c0c499c9b8d0280924cfbd24b90ba02456e3dc80934b9a786a291f09f"
            ],
            "index": "pypi",
            "version": "==0.11.7"
        },
        "uvloop": {
            "hashes": [
                "sha256:08b109f0213af392150e2fe6f81d33261bb5ce968a288eb698aad4f46eb711bd",
                "sha256:123ac9c0c7dd71464f58f1b4ee0bbd81285d96cdda8bc3519281b8973e3a461e",
                "sha256:4315d2ec3ca393dd5bc0b0089d23101276778c304d42faff5dc4579cb6caef09",
                "sha256:4544dcf77d74f3a84f03dd6278174575c44c67d7165d4c42c71db3fdc3860726",
                "sha256:afd5513c0ae414ec71d24f6f123614a80f3d27ca655a4fcf6cabe50994cc1891",
                "sha256:b4f591aa4b3fa7f32fb51e2ee9fea1b495eb75b0b3c8d0ca52514ad675ae63f7",
                "sha256:bcac356d62edd330080aed082e78d4b580ff260a677508718f88016333e2c9c5",
                "sha256:e7514d7a48c063226b7d06617cbb12a14278d4323a065a8d46a7962686ce2e95",
                "sha256:f07909cd9fc08c52d294b1570bba92186181ca01fe3dc9ffba68955273dd7362"
            ],
            "markers": "sys_platform != 'win32' and sys_platform != 'cygwin' and platform_python_implementation != 'PyPy'",
            "version": "==0.14.0"
        },
        "websockets": {
            "hashes": [
                "sha256:0e4fb4de42701340bd2353bb2eee45314651caa6ccee80dbd5f5d5978888fed5",
                "sha256:1d3f1bf059d04a4e0eb4985a887d49195e15ebabc42364f4eb564b1d065793f5",
                "sha256:20891f0dddade307ffddf593c733a3fdb6b83e6f9eef85908113e628fa5a8308",
                "sha256:295359a2cc78736737dd88c343cd0747546b2174b5e1adc223824bcaf3e164cb",
                "sha256:2db62a9142e88535038a6bcfea70ef9447696ea77891aebb730a333a51ed559a",
                "sha256:3762791ab8b38948f0c4d281c8b2ddfa99b7e510e46bd8dfa942a5fff621068c",
                "sha256:3db87421956f1b0779a7564915875ba774295cc86e81bc671631379371af1170",
                "sha256:3ef56fcc7b1ff90de46ccd5a687bbd13a3180132268c4254fc0fa44ecf4fc422",
                "sha256:4f9f7d28ce1d8f1295717c2c25b732c2bc0645db3215cf757551c392177d7cb8",
                "sha256:5c01fd846263a75bc8a2b9542606927cfad57e7282965d96b93c387622487485",
                "sha256:5c65d2da8c6bce0fca2528f69f44b2f977e06954c8512a952222cea50dad430f",
                "sha256:751a556205d8245ff94aeef23546a1113b1dd4f6e4d102ded66c39b99c2ce6c8",
                "sha256:7ff46d441db78241f4c6c27b3868c9ae71473fe03341340d2dfdbe8d79310acc",
                "sha256:965889d9f0e2a75edd81a07592d0ced54daa5b0785f57dc429c378edbcffe779",
                "sha256:9b248ba3dd8a03b1a10b19efe7d4f7fa41d158fdaa95e2cf65af5a7b95a4f989",
                "sha256:9bef37ee224e104a413f0780e29adb3e514a5b698aabe0d969a6ba426b8435d1",
                "sha256:c1ec8db4fac31850286b7cd3b9c0e1b944204668b8eb721674916d4e28744092",
                "sha256:c8a116feafdb1f84607cb3b14aa1418424ae71fee131642fc568d21423b51824",
                "sha256:ce85b06a10fc65e6143518b96d3dca27b081a740bae261c2fb20375801a9d56d",
                "sha256:d705f8aeecdf3262379644e4b55107a3b55860eb812b673b28d0fbc347a60c55",
                "sha256:e898a0863421650f0bebac8ba40840fc02258ef4714cb7e1fd76b6a6354bda36",
                "sha256:f8a7bff6e8664afc4e6c28b983845c5bc14965030e3fb98789734d416af77c4b"
            ],
            "version": "==8.1"
        },
        "yarl": {
            "hashes": [
                "sha256:1707230e1ea48ea06a3e20acb4ce05a38d2465bd9566c21f48f6212a88e47536",
                "sha256:1f269e8e6676193a94635399a77c9059e1826fb6265c9204c9e5a8ccd36006e1",
                "sha256:2657716c1fc998f5f2675c0ee6ce91282e0da0ea9e4a94b584bb1917e11c1559",
                "sha256:431faa6858f0ea323714d8b7b4a7da1db2eeb9403607f0eaa3800ab2c5a4b627",
                "sha256:5bbcb195da7de57f4508b7508c33f7593e9516e27732d08b9aad8586c7b8c384",
                "sha256:5c82f5b1499342339f22c83b97dbe2b8a09e47163fab86cd934a8dd46620e0fb",
                "sha256:5d410f69b4f92c5e1e2a8ffb73337cd8a274388c6975091735795588a538e605",
                "sha256:66b4f345e9573e004b1af184bc00431145cf5e089a4dcc1351505c1f5750192c",
                "sha256:875b2a741ce0208f3b818008a859ab5d0f461e98a32bbdc6af82231a9e761c55",
                "sha256:9a3266b047d15e78bba38c8455bf68b391c040231ca5965ef867f7cbbc60bde5",
                "sha256:9a592c4aa642249e9bdaf76897d90feeb08118626b363a6be8788a9b300274b5",
                "sha256:a1772068401d425e803999dada29a6babf041786e08be5e79ef63c9ecc4c9575",
                "sha256:b065a5c3e050395ae563019253cc6c769a50fd82d7fa92d07476273521d56b7c",
                "sha256:b325fefd574ebef50e391a1072d1712a60348ca29c183e1d546c9d87fec2cd32",
                "sha256:cf5eb664910d759bbae0b76d060d6e21f8af5098242d66c448bbebaf2a7bfa70",
                "sha256:f058b6541477022c7b54db37229f87dacf3b565de4f901ff5a0a78556a174fea",
                "sha256:f5cfed0766837303f688196aa7002730d62c5cc802d98c6395ea1feb87252727"
            ],
            "version": "==1.5.0"
        }
    },
    "develop": {}
}
